
Microsoft Visual Studio Solution File, Format Version 12.00
# Visual Studio 15
VisualStudioVersion = 15.0.26124.0
MinimumVisualStudioVersion = 15.0.26124.0
Project("{2150E333-8FDC-42A3-9474-1A3956D46DE8}") = "src", "src", "{5E010AFB-98C4-4B9A-9128-A9DBA7C1587F}"
EndProject
Project("{FAE04EC0-301F-11D3-BF4B-00C04F79EFBC}") = "IdentityServer.AdminUI", "src\IdentityServer.AdminUI\IdentityServer.AdminUI.csproj", "{3B11FCB3-800D-47A5-84DA-B9B8C0AEC0A1}"
EndProject
Project("{FAE04EC0-301F-11D3-BF4B-00C04F79EFBC}") = "IdentityServer.AuthServer", "src\IdentityServer.AuthServer\IdentityServer.AuthServer.csproj", "{15DC446D-B04B-4238-885E-1CFBF681F3A1}"
EndProject
Project("{FAE04EC0-301F-11D3-BF4B-00C04F79EFBC}") = "IdentityServer.Admin.Api", "src\IdentityServer.Admin.Api\IdentityServer.Admin.Api.csproj", "{B6A6984A-FBD1-43C2-A1F7-7242DA0E7BDD}"
EndProject
Project("{FAE04EC0-301F-11D3-BF4B-00C04F79EFBC}") = "IdentityServer.Admin.EntityFramework", "src\IdentityServer.Admin.EntityFramework\IdentityServer.Admin.EntityFramework.csproj", "{2D92AED1-C152-4207-8BA5-E6F94039FDB9}"
EndProject
Project("{FAE04EC0-301F-11D3-BF4B-00C04F79EFBC}") = "IdentityServer.Shared", "src\IdentityServer.Shared\IdentityServer.Shared.csproj", "{C9CFA21C-1697-4BB5-8CC3-B6FDC46AFA1F}"
EndProject
Project("{FAE04EC0-301F-11D3-BF4B-00C04F79EFBC}") = "ConsoleApp", "src\ConsoleApp\ConsoleApp.csproj", "{E701F10E-4A80-47C9-AB3D-2850A02187A6}"
EndProject
Project("{FAE04EC0-301F-11D3-BF4B-00C04F79EFBC}") = "NetCoreWebApi", "src\NetCoreWebApi\NetCoreWebApi.csproj", "{0CE18290-A388-4A8F-836F-2517AA048ABF}"
EndProject
Project("{FAE04EC0-301F-11D3-BF4B-00C04F79EFBC}") = "NetCoreMVC", "src\NetCoreMVC\NetCoreMVC.csproj", "{36F8B3F7-A4F9-4BE3-8BDB-43901FD6A78C}"
EndProject
Project("{FAE04EC0-301F-11D3-BF4B-00C04F79EFBC}") = "NetCoreAngular", "src\NetCoreAngular\NetCoreAngular.csproj", "{948B2724-B00B-42A0-9AC9-A172C27C3607}"
EndProject
Project("{FAE04EC0-301F-11D3-BF4B-00C04F79EFBC}") = "NetCoreReact", "src\NetCoreReact\NetCoreReact.csproj", "{A121E722-A562-4096-A7BF-DCD1C68BF8CB}"
EndProject
Global
	GlobalSection(SolutionConfigurationPlatforms) = preSolution
		Debug|Any CPU = Debug|Any CPU
		Debug|x64 = Debug|x64
		Debug|x86 = Debug|x86
		Release|Any CPU = Release|Any CPU
		Release|x64 = Release|x64
		Release|x86 = Release|x86
	EndGlobalSection
	GlobalSection(SolutionProperties) = preSolution
		HideSolutionNode = FALSE
	EndGlobalSection
	GlobalSection(ProjectConfigurationPlatforms) = postSolution
		{3B11FCB3-800D-47A5-84DA-B9B8C0AEC0A1}.Debug|Any CPU.ActiveCfg = Debug|Any CPU
		{3B11FCB3-800D-47A5-84DA-B9B8C0AEC0A1}.Debug|Any CPU.Build.0 = Debug|Any CPU
		{3B11FCB3-800D-47A5-84DA-B9B8C0AEC0A1}.Debug|x64.ActiveCfg = Debug|Any CPU
		{3B11FCB3-800D-47A5-84DA-B9B8C0AEC0A1}.Debug|x64.Build.0 = Debug|Any CPU
		{3B11FCB3-800D-47A5-84DA-B9B8C0AEC0A1}.Debug|x86.ActiveCfg = Debug|Any CPU
		{3B11FCB3-800D-47A5-84DA-B9B8C0AEC0A1}.Debug|x86.Build.0 = Debug|Any CPU
		{3B11FCB3-800D-47A5-84DA-B9B8C0AEC0A1}.Release|Any CPU.ActiveCfg = Release|Any CPU
		{3B11FCB3-800D-47A5-84DA-B9B8C0AEC0A1}.Release|Any CPU.Build.0 = Release|Any CPU
		{3B11FCB3-800D-47A5-84DA-B9B8C0AEC0A1}.Release|x64.ActiveCfg = Release|Any CPU
		{3B11FCB3-800D-47A5-84DA-B9B8C0AEC0A1}.Release|x64.Build.0 = Release|Any CPU
		{3B11FCB3-800D-47A5-84DA-B9B8C0AEC0A1}.Release|x86.ActiveCfg = Release|Any CPU
		{3B11FCB3-800D-47A5-84DA-B9B8C0AEC0A1}.Release|x86.Build.0 = Release|Any CPU
		{15DC446D-B04B-4238-885E-1CFBF681F3A1}.Debug|Any CPU.ActiveCfg = Debug|Any CPU
		{15DC446D-B04B-4238-885E-1CFBF681F3A1}.Debug|Any CPU.Build.0 = Debug|Any CPU
		{15DC446D-B04B-4238-885E-1CFBF681F3A1}.Debug|x64.ActiveCfg = Debug|Any CPU
		{15DC446D-B04B-4238-885E-1CFBF681F3A1}.Debug|x64.Build.0 = Debug|Any CPU
		{15DC446D-B04B-4238-885E-1CFBF681F3A1}.Debug|x86.ActiveCfg = Debug|Any CPU
		{15DC446D-B04B-4238-885E-1CFBF681F3A1}.Debug|x86.Build.0 = Debug|Any CPU
		{15DC446D-B04B-4238-885E-1CFBF681F3A1}.Release|Any CPU.ActiveCfg = Release|Any CPU
		{15DC446D-B04B-4238-885E-1CFBF681F3A1}.Release|Any CPU.Build.0 = Release|Any CPU
		{15DC446D-B04B-4238-885E-1CFBF681F3A1}.Release|x64.ActiveCfg = Release|Any CPU
		{15DC446D-B04B-4238-885E-1CFBF681F3A1}.Release|x64.Build.0 = Release|Any CPU
		{15DC446D-B04B-4238-885E-1CFBF681F3A1}.Release|x86.ActiveCfg = Release|Any CPU
		{15DC446D-B04B-4238-885E-1CFBF681F3A1}.Release|x86.Build.0 = Release|Any CPU
		{B6A6984A-FBD1-43C2-A1F7-7242DA0E7BDD}.Debug|Any CPU.ActiveCfg = Debug|Any CPU
		{B6A6984A-FBD1-43C2-A1F7-7242DA0E7BDD}.Debug|Any CPU.Build.0 = Debug|Any CPU
		{B6A6984A-FBD1-43C2-A1F7-7242DA0E7BDD}.Debug|x64.ActiveCfg = Debug|Any CPU
		{B6A6984A-FBD1-43C2-A1F7-7242DA0E7BDD}.Debug|x64.Build.0 = Debug|Any CPU
		{B6A6984A-FBD1-43C2-A1F7-7242DA0E7BDD}.Debug|x86.ActiveCfg = Debug|Any CPU
		{B6A6984A-FBD1-43C2-A1F7-7242DA0E7BDD}.Debug|x86.Build.0 = Debug|Any CPU
		{B6A6984A-FBD1-43C2-A1F7-7242DA0E7BDD}.Release|Any CPU.ActiveCfg = Release|Any CPU
		{B6A6984A-FBD1-43C2-A1F7-7242DA0E7BDD}.Release|Any CPU.Build.0 = Release|Any CPU
		{B6A6984A-FBD1-43C2-A1F7-7242DA0E7BDD}.Release|x64.ActiveCfg = Release|Any CPU
		{B6A6984A-FBD1-43C2-A1F7-7242DA0E7BDD}.Release|x64.Build.0 = Release|Any CPU
		{B6A6984A-FBD1-43C2-A1F7-7242DA0E7BDD}.Release|x86.ActiveCfg = Release|Any CPU
		{B6A6984A-FBD1-43C2-A1F7-7242DA0E7BDD}.Release|x86.Build.0 = Release|Any CPU
		{2D92AED1-C152-4207-8BA5-E6F94039FDB9}.Debug|Any CPU.ActiveCfg = Debug|Any CPU
		{2D92AED1-C152-4207-8BA5-E6F94039FDB9}.Debug|Any CPU.Build.0 = Debug|Any CPU
		{2D92AED1-C152-4207-8BA5-E6F94039FDB9}.Debug|x64.ActiveCfg = Debug|Any CPU
		{2D92AED1-C152-4207-8BA5-E6F94039FDB9}.Debug|x64.Build.0 = Debug|Any CPU
		{2D92AED1-C152-4207-8BA5-E6F94039FDB9}.Debug|x86.ActiveCfg = Debug|Any CPU
		{2D92AED1-C152-4207-8BA5-E6F94039FDB9}.Debug|x86.Build.0 = Debug|Any CPU
		{2D92AED1-C152-4207-8BA5-E6F94039FDB9}.Release|Any CPU.ActiveCfg = Release|Any CPU
		{2D92AED1-C152-4207-8BA5-E6F94039FDB9}.Release|Any CPU.Build.0 = Release|Any CPU
		{2D92AED1-C152-4207-8BA5-E6F94039FDB9}.Release|x64.ActiveCfg = Release|Any CPU
		{2D92AED1-C152-4207-8BA5-E6F94039FDB9}.Release|x64.Build.0 = Release|Any CPU
		{2D92AED1-C152-4207-8BA5-E6F94039FDB9}.Release|x86.ActiveCfg = Release|Any CPU
		{2D92AED1-C152-4207-8BA5-E6F94039FDB9}.Release|x86.Build.0 = Release|Any CPU
		{C9CFA21C-1697-4BB5-8CC3-B6FDC46AFA1F}.Debug|Any CPU.ActiveCfg = Debug|Any CPU
		{C9CFA21C-1697-4BB5-8CC3-B6FDC46AFA1F}.Debug|Any CPU.Build.0 = Debug|Any CPU
		{C9CFA21C-1697-4BB5-8CC3-B6FDC46AFA1F}.Debug|x64.ActiveCfg = Debug|Any CPU
		{C9CFA21C-1697-4BB5-8CC3-B6FDC46AFA1F}.Debug|x64.Build.0 = Debug|Any CPU
		{C9CFA21C-1697-4BB5-8CC3-B6FDC46AFA1F}.Debug|x86.ActiveCfg = Debug|Any CPU
		{C9CFA21C-1697-4BB5-8CC3-B6FDC46AFA1F}.Debug|x86.Build.0 = Debug|Any CPU
		{C9CFA21C-1697-4BB5-8CC3-B6FDC46AFA1F}.Release|Any CPU.ActiveCfg = Release|Any CPU
		{C9CFA21C-1697-4BB5-8CC3-B6FDC46AFA1F}.Release|Any CPU.Build.0 = Release|Any CPU
		{C9CFA21C-1697-4BB5-8CC3-B6FDC46AFA1F}.Release|x64.ActiveCfg = Release|Any CPU
		{C9CFA21C-1697-4BB5-8CC3-B6FDC46AFA1F}.Release|x64.Build.0 = Release|Any CPU
		{C9CFA21C-1697-4BB5-8CC3-B6FDC46AFA1F}.Release|x86.ActiveCfg = Release|Any CPU
		{C9CFA21C-1697-4BB5-8CC3-B6FDC46AFA1F}.Release|x86.Build.0 = Release|Any CPU
		{E701F10E-4A80-47C9-AB3D-2850A02187A6}.Debug|Any CPU.ActiveCfg = Debug|Any CPU
		{E701F10E-4A80-47C9-AB3D-2850A02187A6}.Debug|Any CPU.Build.0 = Debug|Any CPU
		{E701F10E-4A80-47C9-AB3D-2850A02187A6}.Debug|x64.ActiveCfg = Debug|Any CPU
		{E701F10E-4A80-47C9-AB3D-2850A02187A6}.Debug|x64.Build.0 = Debug|Any CPU
		{E701F10E-4A80-47C9-AB3D-2850A02187A6}.Debug|x86.ActiveCfg = Debug|Any CPU
		{E701F10E-4A80-47C9-AB3D-2850A02187A6}.Debug|x86.Build.0 = Debug|Any CPU
		{E701F10E-4A80-47C9-AB3D-2850A02187A6}.Release|Any CPU.ActiveCfg = Release|Any CPU
		{E701F10E-4A80-47C9-AB3D-2850A02187A6}.Release|Any CPU.Build.0 = Release|Any CPU
		{E701F10E-4A80-47C9-AB3D-2850A02187A6}.Release|x64.ActiveCfg = Release|Any CPU
		{E701F10E-4A80-47C9-AB3D-2850A02187A6}.Release|x64.Build.0 = Release|Any CPU
		{E701F10E-4A80-47C9-AB3D-2850A02187A6}.Release|x86.ActiveCfg = Release|Any CPU
		{E701F10E-4A80-47C9-AB3D-2850A02187A6}.Release|x86.Build.0 = Release|Any CPU
		{0CE18290-A388-4A8F-836F-2517AA048ABF}.Debug|Any CPU.ActiveCfg = Debug|Any CPU
		{0CE18290-A388-4A8F-836F-2517AA048ABF}.Debug|Any CPU.Build.0 = Debug|Any CPU
		{0CE18290-A388-4A8F-836F-2517AA048ABF}.Debug|x64.ActiveCfg = Debug|Any CPU
		{0CE18290-A388-4A8F-836F-2517AA048ABF}.Debug|x64.Build.0 = Debug|Any CPU
		{0CE18290-A388-4A8F-836F-2517AA048ABF}.Debug|x86.ActiveCfg = Debug|Any CPU
		{0CE18290-A388-4A8F-836F-2517AA048ABF}.Debug|x86.Build.0 = Debug|Any CPU
		{0CE18290-A388-4A8F-836F-2517AA048ABF}.Release|Any CPU.ActiveCfg = Release|Any CPU
		{0CE18290-A388-4A8F-836F-2517AA048ABF}.Release|Any CPU.Build.0 = Release|Any CPU
		{0CE18290-A388-4A8F-836F-2517AA048ABF}.Release|x64.ActiveCfg = Release|Any CPU
		{0CE18290-A388-4A8F-836F-2517AA048ABF}.Release|x64.Build.0 = Release|Any CPU
		{0CE18290-A388-4A8F-836F-2517AA048ABF}.Release|x86.ActiveCfg = Release|Any CPU
		{0CE18290-A388-4A8F-836F-2517AA048ABF}.Release|x86.Build.0 = Release|Any CPU
		{36F8B3F7-A4F9-4BE3-8BDB-43901FD6A78C}.Debug|Any CPU.ActiveCfg = Debug|Any CPU
		{36F8B3F7-A4F9-4BE3-8BDB-43901FD6A78C}.Debug|Any CPU.Build.0 = Debug|Any CPU
		{36F8B3F7-A4F9-4BE3-8BDB-43901FD6A78C}.Debug|x64.ActiveCfg = Debug|Any CPU
		{36F8B3F7-A4F9-4BE3-8BDB-43901FD6A78C}.Debug|x64.Build.0 = Debug|Any CPU
		{36F8B3F7-A4F9-4BE3-8BDB-43901FD6A78C}.Debug|x86.ActiveCfg = Debug|Any CPU
		{36F8B3F7-A4F9-4BE3-8BDB-43901FD6A78C}.Debug|x86.Build.0 = Debug|Any CPU
		{36F8B3F7-A4F9-4BE3-8BDB-43901FD6A78C}.Release|Any CPU.ActiveCfg = Release|Any CPU
		{36F8B3F7-A4F9-4BE3-8BDB-43901FD6A78C}.Release|Any CPU.Build.0 = Release|Any CPU
		{36F8B3F7-A4F9-4BE3-8BDB-43901FD6A78C}.Release|x64.ActiveCfg = Release|Any CPU
		{36F8B3F7-A4F9-4BE3-8BDB-43901FD6A78C}.Release|x64.Build.0 = Release|Any CPU
		{36F8B3F7-A4F9-4BE3-8BDB-43901FD6A78C}.Release|x86.ActiveCfg = Release|Any CPU
		{36F8B3F7-A4F9-4BE3-8BDB-43901FD6A78C}.Release|x86.Build.0 = Release|Any CPU
		{948B2724-B00B-42A0-9AC9-A172C27C3607}.Debug|Any CPU.ActiveCfg = Debug|Any CPU
		{948B2724-B00B-42A0-9AC9-A172C27C3607}.Debug|Any CPU.Build.0 = Debug|Any CPU
		{948B2724-B00B-42A0-9AC9-A172C27C3607}.Debug|x64.ActiveCfg = Debug|Any CPU
		{948B2724-B00B-42A0-9AC9-A172C27C3607}.Debug|x64.Build.0 = Debug|Any CPU
		{948B2724-B00B-42A0-9AC9-A172C27C3607}.Debug|x86.ActiveCfg = Debug|Any CPU
		{948B2724-B00B-42A0-9AC9-A172C27C3607}.Debug|x86.Build.0 = Debug|Any CPU
		{948B2724-B00B-42A0-9AC9-A172C27C3607}.Release|Any CPU.ActiveCfg = Release|Any CPU
		{948B2724-B00B-42A0-9AC9-A172C27C3607}.Release|Any CPU.Build.0 = Release|Any CPU
		{948B2724-B00B-42A0-9AC9-A172C27C3607}.Release|x64.ActiveCfg = Release|Any CPU
		{948B2724-B00B-42A0-9AC9-A172C27C3607}.Release|x64.Build.0 = Release|Any CPU
		{948B2724-B00B-42A0-9AC9-A172C27C3607}.Release|x86.ActiveCfg = Release|Any CPU
		{948B2724-B00B-42A0-9AC9-A172C27C3607}.Release|x86.Build.0 = Release|Any CPU
		{A121E722-A562-4096-A7BF-DCD1C68BF8CB}.Debug|Any CPU.ActiveCfg = Debug|Any CPU
		{A121E722-A562-4096-A7BF-DCD1C68BF8CB}.Debug|Any CPU.Build.0 = Debug|Any CPU
		{A121E722-A562-4096-A7BF-DCD1C68BF8CB}.Debug|x64.ActiveCfg = Debug|Any CPU
		{A121E722-A562-4096-A7BF-DCD1C68BF8CB}.Debug|x64.Build.0 = Debug|Any CPU
		{A121E722-A562-4096-A7BF-DCD1C68BF8CB}.Debug|x86.ActiveCfg = Debug|Any CPU
		{A121E722-A562-4096-A7BF-DCD1C68BF8CB}.Debug|x86.Build.0 = Debug|Any CPU
		{A121E722-A562-4096-A7BF-DCD1C68BF8CB}.Release|Any CPU.ActiveCfg = Release|Any CPU
		{A121E722-A562-4096-A7BF-DCD1C68BF8CB}.Release|Any CPU.Build.0 = Release|Any CPU
		{A121E722-A562-4096-A7BF-DCD1C68BF8CB}.Release|x64.ActiveCfg = Release|Any CPU
		{A121E722-A562-4096-A7BF-DCD1C68BF8CB}.Release|x64.Build.0 = Release|Any CPU
		{A121E722-A562-4096-A7BF-DCD1C68BF8CB}.Release|x86.ActiveCfg = Release|Any CPU
		{A121E722-A562-4096-A7BF-DCD1C68BF8CB}.Release|x86.Build.0 = Release|Any CPU
	EndGlobalSection
	GlobalSection(NestedProjects) = preSolution
		{3B11FCB3-800D-47A5-84DA-B9B8C0AEC0A1} = {5E010AFB-98C4-4B9A-9128-A9DBA7C1587F}
		{15DC446D-B04B-4238-885E-1CFBF681F3A1} = {5E010AFB-98C4-4B9A-9128-A9DBA7C1587F}
		{B6A6984A-FBD1-43C2-A1F7-7242DA0E7BDD} = {5E010AFB-98C4-4B9A-9128-A9DBA7C1587F}
		{2D92AED1-C152-4207-8BA5-E6F94039FDB9} = {5E010AFB-98C4-4B9A-9128-A9DBA7C1587F}
		{C9CFA21C-1697-4BB5-8CC3-B6FDC46AFA1F} = {5E010AFB-98C4-4B9A-9128-A9DBA7C1587F}
		{E701F10E-4A80-47C9-AB3D-2850A02187A6} = {5E010AFB-98C4-4B9A-9128-A9DBA7C1587F}
		{0CE18290-A388-4A8F-836F-2517AA048ABF} = {5E010AFB-98C4-4B9A-9128-A9DBA7C1587F}
		{36F8B3F7-A4F9-4BE3-8BDB-43901FD6A78C} = {5E010AFB-98C4-4B9A-9128-A9DBA7C1587F}
		{948B2724-B00B-42A0-9AC9-A172C27C3607} = {5E010AFB-98C4-4B9A-9128-A9DBA7C1587F}
		{A121E722-A562-4096-A7BF-DCD1C68BF8CB} = {5E010AFB-98C4-4B9A-9128-A9DBA7C1587F}
	EndGlobalSection
EndGlobal
